<?xml version="1.0" encoding="UTF-8" standalone="yes" ?>
<CodeBlocks_project_file>
	<FileVersion major="1" minor="6" />
	<Project>
		<Option title="Engine" />
		<Option pch_mode="2" />
		<Option compiler="gnu_gcc_730_compiler" />
		<Build>
			<Target title="Engine Library 64bit">
				<Option output="engine64-s" prefix_auto="1" extension_auto="1" />
				<Option working_dir="" />
				<Option type="2" />
				<Option compiler="gnu_gcc_730_64bit_compiler" />
				<Compiler>
					<Add option="-m64" />
					<Add directory="./library/SFML-2.5.1-64/include" />
				</Compiler>
				<Linker>
					<Add option="-m64" />
					<Add library="./library/libportaudio64-s.a" />
					<Add directory="./library/SFML-2.5.1-64/lib" />
				</Linker>
			</Target>
			<Target title=" Engine Library 32bit">
				<Option output="engine-s" prefix_auto="1" extension_auto="1" />
				<Option working_dir="" />
				<Option type="2" />
				<Option compiler="gnu_gcc_730_compiler" />
				<Compiler>
					<Add directory="./library/SFML-2.5.1/include" />
				</Compiler>
				<Linker>
					<Add option="-m32" />
					<Add library="./library/libportaudio-s.a" />
					<Add directory="./library/SFML-2.5.1/lib" />
				</Linker>
			</Target>
		</Build>
		<Compiler>
			<Add option="-O3" />
			<Add option="-std=c++14" />
			<Add option="-DSFML_STATIC" />
			<Add directory="engine" />
			<Add directory="game/" />
		</Compiler>
		<Linker>
			<Add option="-s" />
			<Add option="-static-libstdc++" />
			<Add option="-static-libgcc" />
			<Add option="-static -lpthread" />
			<Add library="sfml-graphics-s" />
			<Add library="sfml-window-s" />
			<Add library="sfml-system-s" />
			<Add library="sfml-network-s" />
			<Add library="winmm" />
			<Add library="opengl32" />
			<Add library="gdi32" />
			<Add library="freetype" />
			<Add library="ws2_32" />
			<Add library="comdlg32" />
		</Linker>
		<Unit filename="engine/active.cpp" />
		<Unit filename="engine/active.h" />
		<Unit filename="engine/animation.cpp" />
		<Unit filename="engine/animation.h" />
		<Unit filename="engine/app.cpp" />
		<Unit filename="engine/app.h" />
		<Unit filename="engine/arbgrid.h" />
		<Unit filename="engine/arbgrid.tpp" />
		<Unit filename="engine/audio.cpp" />
		<Unit filename="engine/audio.h" />
		<Unit filename="engine/collidable.cpp" />
		<Unit filename="engine/collidable.h" />
		<Unit filename="engine/dialog.cpp" />
		<Unit filename="engine/dialog.h" />
		<Unit filename="engine/drawable.cpp" />
		<Unit filename="engine/drawable.h" />
		<Unit filename="engine/engine.h" />
		<Unit filename="engine/gameobject.cpp" />
		<Unit filename="engine/gameobject.h" />
		<Unit filename="engine/inputhandler.cpp" />
		<Unit filename="engine/inputhandler.h" />
		<Unit filename="engine/mask.cpp" />
		<Unit filename="engine/mask.h" />
		<Unit filename="engine/portaudio.h" />
		<Unit filename="engine/resources.cpp" />
		<Unit filename="engine/resources.h" />
		<Unit filename="engine/sortlist.h" />
		<Unit filename="engine/sortlist.tpp" />
		<Unit filename="engine/stb_vorbis.cpp" />
		<Unit filename="engine/stb_vorbis.h" />
		<Unit filename="engine/view.cpp" />
		<Unit filename="engine/view.h" />
		<Extensions>
			<code_completion />
			<envvars />
			<debugger />
			<lib_finder disable_auto="1" />
		</Extensions>
	</Project>
</CodeBlocks_project_file>
