<?xml version="1.0" encoding="UTF-8" standalone="yes" ?>
<CodeBlocks_project_file>
	<FileVersion major="1" minor="6" />
	<Project>
		<Option title="PuzzleGame Platformer" />
		<Option compiler="gnu_gcc_1020_64bit_compiler" />
		<Build>
			<Target title="PuzzleGame 64bit">
				<Option output="platformer64" prefix_auto="1" extension_auto="1" />
				<Option object_output=".64objs" />
				<Option type="0" />
				<Option compiler="gnu_gcc_1020_64bit_compiler" />
				<Option projectLinkerOptionsRelation="2" />
				<Linker>
					<Add option="-s" />
					<Add library="engine64-s" />
					<Add library="portaudio64-s" />
					<Add directory="library/SFML-2.5.1/lib64" />
				</Linker>
			</Target>
			<Target title="PuzzleGame">
				<Option output="platformer" prefix_auto="1" extension_auto="1" />
				<Option type="0" />
				<Option compiler="gnu_gcc_1020_compiler" />
				<Option projectLinkerOptionsRelation="2" />
				<Linker>
					<Add option="-s" />
					<Add library="engine-s" />
					<Add library="portaudio-s" />
					<Add directory="library/SFML-2.5.1/lib" />
				</Linker>
			</Target>
			<Target title="PuzzleGame Debug 64bit">
				<Option output="platformer-debug64" prefix_auto="1" extension_auto="1" />
				<Option object_output=".64dbgobjs" />
				<Option type="1" />
				<Option compiler="gnu_gcc_1020_64bit_compiler" />
				<Option projectLinkerOptionsRelation="2" />
				<Compiler>
					<Add option="-g" />
				</Compiler>
				<Linker>
					<Add library="engine64-s" />
					<Add library="portaudio64-s" />
					<Add directory="library/SFML-2.5.1/lib64" />
				</Linker>
			</Target>
			<Target title="PuzzleGame Debug">
				<Option output="platformer-debug" prefix_auto="1" extension_auto="1" />
				<Option object_output=".dbgobjs" />
				<Option type="1" />
				<Option compiler="gnu_gcc_1020_compiler" />
				<Option projectLinkerOptionsRelation="2" />
				<Compiler>
					<Add option="-g" />
				</Compiler>
				<Linker>
					<Add library="engine-s" />
					<Add library="portaudio-s" />
					<Add directory="library/SFML-2.5.1/lib" />
				</Linker>
			</Target>
		</Build>
		<Compiler>
			<Add option="-O3" />
			<Add option="-std=c++20" />
			<Add option="-DSFML_STATIC" />
			<Add directory="game" />
			<Add directory="library/engine" />
			<Add directory="library/SFML-2.5.1/include" />
		</Compiler>
		<Linker>
			<Add option="-static-libstdc++" />
			<Add option="-static-libgcc" />
			<Add option="-static" />
			<Add option="-lpthread" />
			<Add library="sfml-graphics-s" />
			<Add library="sfml-window-s" />
			<Add library="sfml-system-s" />
			<Add library="sfml-network-s" />
			<Add library="setupapi" />
			<Add library="winmm" />
			<Add library="opengl32" />
			<Add library="gdi32" />
			<Add library="freetype" />
			<Add library="ws2_32" />
			<Add library="comdlg32" />
			<Add directory="library" />
		</Linker>
		<Unit filename="defines.h" />
		<Unit filename="game/background.cpp" />
		<Unit filename="game/background.h" />
		<Unit filename="game/boxobj.cpp" />
		<Unit filename="game/boxobj.h" />
		<Unit filename="game/includes.h" />
		<Unit filename="game/itemobj.cpp" />
		<Unit filename="game/itemobj.h" />
		<Unit filename="game/playerobj.cpp">
			<Option compilerVar="CC" />
		</Unit>
		<Unit filename="game/playerobj.h" />
		<Unit filename="game/puzzlegame.cpp" />
		<Unit filename="game/puzzlegame.h" />
		<Unit filename="game/resource.h" />
		<Unit filename="game/resources.rc">
			<Option compilerVar="WINDRES" />
		</Unit>
		<Unit filename="game/wallobj.cpp" />
		<Unit filename="game/wallobj.h" />
		<Unit filename="main.cpp" />
		<Unit filename="main.h" />
		<Extensions>
			<lib_finder disable_auto="1" />
		</Extensions>
	</Project>
</CodeBlocks_project_file>
